
Microsoft Visual Studio Solution File, Format Version 12.00
# Visual Studio Version 16
VisualStudioVersion = 16.0.30517.126
MinimumVisualStudioVersion = 10.0.40219.1
Project("{FAE04EC0-301F-11D3-BF4B-00C04F79EFBC}") = "NotesBlazorApp", "NotesBlazorApp\NotesBlazorApp.csproj", "{576D3850-2C20-41FD-B2F1-ED1B2F06DF67}"
EndProject
Project("{FAE04EC0-301F-11D3-BF4B-00C04F79EFBC}") = "NotesBlazorApp.Data", "NotesBlazorApp.Data\NotesBlazorApp.Data.csproj", "{4244D0D5-13BA-4B92-BE74-18F80D50BC19}"
EndProject
Project("{FAE04EC0-301F-11D3-BF4B-00C04F79EFBC}") = "NotesBlazorApp.Domain", "NotesBlazorApp.Domain\NotesBlazorApp.Domain.csproj", "{ED214D17-7A6F-4068-B774-451E92880E1F}"
EndProject
Global
	GlobalSection(SolutionConfigurationPlatforms) = preSolution
		Debug|Any CPU = Debug|Any CPU
		Release|Any CPU = Release|Any CPU
	EndGlobalSection
	GlobalSection(ProjectConfigurationPlatforms) = postSolution
		{576D3850-2C20-41FD-B2F1-ED1B2F06DF67}.Debug|Any CPU.ActiveCfg = Debug|Any CPU
		{576D3850-2C20-41FD-B2F1-ED1B2F06DF67}.Debug|Any CPU.Build.0 = Debug|Any CPU
		{576D3850-2C20-41FD-B2F1-ED1B2F06DF67}.Release|Any CPU.ActiveCfg = Release|Any CPU
		{576D3850-2C20-41FD-B2F1-ED1B2F06DF67}.Release|Any CPU.Build.0 = Release|Any CPU
		{4244D0D5-13BA-4B92-BE74-18F80D50BC19}.Debug|Any CPU.ActiveCfg = Debug|Any CPU
		{4244D0D5-13BA-4B92-BE74-18F80D50BC19}.Debug|Any CPU.Build.0 = Debug|Any CPU
		{4244D0D5-13BA-4B92-BE74-18F80D50BC19}.Release|Any CPU.ActiveCfg = Release|Any CPU
		{4244D0D5-13BA-4B92-BE74-18F80D50BC19}.Release|Any CPU.Build.0 = Release|Any CPU
		{ED214D17-7A6F-4068-B774-451E92880E1F}.Debug|Any CPU.ActiveCfg = Debug|Any CPU
		{ED214D17-7A6F-4068-B774-451E92880E1F}.Debug|Any CPU.Build.0 = Debug|Any CPU
		{ED214D17-7A6F-4068-B774-451E92880E1F}.Release|Any CPU.ActiveCfg = Release|Any CPU
		{ED214D17-7A6F-4068-B774-451E92880E1F}.Release|Any CPU.Build.0 = Release|Any CPU
	EndGlobalSection
	GlobalSection(SolutionProperties) = preSolution
		HideSolutionNode = FALSE
	EndGlobalSection
	GlobalSection(ExtensibilityGlobals) = postSolution
		SolutionGuid = {E82C5DB5-3E1E-4F9F-8210-27EBBF730CFC}
	EndGlobalSection
EndGlobal
